// !$*UTF8*$!
{
	archiveVersion = 1;
	classes = {
	};
	objectVersion = 77;
	objects = {

/* Begin PBXContainerItemProxy section */
		06C216702CBBBCF70093C520 /* PBXContainerItemProxy */ = {
			isa = PBXContainerItemProxy;
			containerPortal = 06C216512CBBBCF50093C520 /* Project object */;
			proxyType = 1;
			remoteGlobalIDString = 06C216582CBBBCF50093C520;
			remoteInfo = TodoListProgrammatic;
		};
		06C2167A2CBBBCF70093C520 /* PBXContainerItemProxy */ = {
			isa = PBXContainerItemProxy;
			containerPortal = 06C216512CBBBCF50093C520 /* Project object */;
			proxyType = 1;
			remoteGlobalIDString = 06C216582CBBBCF50093C520;
			remoteInfo = TodoListProgrammatic;
		};
/* End PBXContainerItemProxy section */

/* Begin PBXFileReference section */
		06C216592CBBBCF50093C520 /* TodoListProgrammatic.app */ = {isa = PBXFileReference; explicitFileType = wrapper.application; includeInIndex = 0; path = TodoListProgrammatic.app; sourceTree = BUILT_PRODUCTS_DIR; };
		06C2166F2CBBBCF70093C520 /* TodoListProgrammaticTests.xctest */ = {isa = PBXFileReference; explicitFileType = wrapper.cfbundle; includeInIndex = 0; path = TodoListProgrammaticTests.xctest; sourceTree = BUILT_PRODUCTS_DIR; };
		06C216792CBBBCF70093C520 /* TodoListProgrammaticUITests.xctest */ = {isa = PBXFileReference; explicitFileType = wrapper.cfbundle; includeInIndex = 0; path = TodoListProgrammaticUITests.xctest; sourceTree = BUILT_PRODUCTS_DIR; };
/* End PBXFileReference section */

/* Begin PBXFileSystemSynchronizedBuildFileExceptionSet section */
		06C216812CBBBCF70093C520 /* Exceptions for "TodoListProgrammatic" folder in "TodoListProgrammatic" target */ = {
			isa = PBXFileSystemSynchronizedBuildFileExceptionSet;
			membershipExceptions = (
				Info.plist,
			);
			target = 06C216582CBBBCF50093C520 /* TodoListProgrammatic */;
		};
/* End PBXFileSystemSynchronizedBuildFileExceptionSet section */

/* Begin PBXFileSystemSynchronizedRootGroup section */
		06C2165B2CBBBCF50093C520 /* TodoListProgrammatic */ = {
			isa = PBXFileSystemSynchronizedRootGroup;
			exceptions = (
				06C216812CBBBCF70093C520 /* Exceptions for "TodoListProgrammatic" folder in "TodoListProgrammatic" target */,
			);
			path = TodoListProgrammatic;
			sourceTree = "<group>";
		};
		06C216722CBBBCF70093C520 /* TodoListProgrammaticTests */ = {
			isa = PBXFileSystemSynchronizedRootGroup;
			path = TodoListProgrammaticTests;
			sourceTree = "<group>";
		};
		06C2167C2CBBBCF70093C520 /* TodoListProgrammaticUITests */ = {
			isa = PBXFileSystemSynchronizedRootGroup;
			path = TodoListProgrammaticUITests;
			sourceTree = "<group>";
		};
/* End PBXFileSystemSynchronizedRootGroup section */

/* Begin PBXFrameworksBuildPhase section */
		06C216562CBBBCF50093C520 /* Frameworks */ = {
			isa = PBXFrameworksBuildPhase;
			buildActionMask = 2147483647;
			files = (
			);
			runOnlyForDeploymentPostprocessing = 0;
		};
		06C2166C2CBBBCF70093C520 /* Frameworks */ = {
			isa = PBXFrameworksBuildPhase;
			buildActionMask = 2147483647;
			files = (
			);
			runOnlyForDeploymentPostprocessing = 0;
		};
		06C216762CBBBCF70093C520 /* Frameworks */ = {
			isa = PBXFrameworksBuildPhase;
			buildActionMask = 2147483647;
			files = (
			);
			runOnlyForDeploymentPostprocessing = 0;
		};
/* End PBXFrameworksBuildPhase section */

/* Begin PBXGroup section */
		06C216502CBBBCF50093C520 = {
			isa = PBXGroup;
			children = (
				06C2165B2CBBBCF50093C520 /* TodoListProgrammatic */,
				06C216722CBBBCF70093C520 /* TodoListProgrammaticTests */,
				06C2167C2CBBBCF70093C520 /* TodoListProgrammaticUITests */,
				06C2165A2CBBBCF50093C520 /* Products */,
			);
			sourceTree = "<group>";
		};
		06C2165A2CBBBCF50093C520 /* Products */ = {
			isa = PBXGroup;
			children = (
				06C216592CBBBCF50093C520 /* TodoListProgrammatic.app */,
				06C2166F2CBBBCF70093C520 /* TodoListProgrammaticTests.xctest */,
				06C216792CBBBCF70093C520 /* TodoListProgrammaticUITests.xctest */,
			);
			name = Products;
			sourceTree = "<group>";
		};
/* End PBXGroup section */

/* Begin PBXNativeTarget section */
		06C216582CBBBCF50093C520 /* TodoListProgrammatic */ = {
			isa = PBXNativeTarget;
			buildConfigurationList = 06C216822CBBBCF70093C520 /* Build configuration list for PBXNativeTarget "TodoListProgrammatic" */;
			buildPhases = (
				06C216552CBBBCF50093C520 /* Sources */,
				06C216562CBBBCF50093C520 /* Frameworks */,
				06C216572CBBBCF50093C520 /* Resources */,
			);
			buildRules = (
			);
			dependencies = (
			);
			fileSystemSynchronizedGroups = (
				06C2165B2CBBBCF50093C520 /* TodoListProgrammatic */,
			);
			name = TodoListProgrammatic;
			packageProductDependencies = (
			);
			productName = TodoListProgrammatic;
			productReference = 06C216592CBBBCF50093C520 /* TodoListProgrammatic.app */;
			productType = "com.apple.product-type.application";
		};
		06C2166E2CBBBCF70093C520 /* TodoListProgrammaticTests */ = {
			isa = PBXNativeTarget;
			buildConfigurationList = 06C216872CBBBCF70093C520 /* Build configuration list for PBXNativeTarget "TodoListProgrammaticTests" */;
			buildPhases = (
				06C2166B2CBBBCF70093C520 /* Sources */,
				06C2166C2CBBBCF70093C520 /* Frameworks */,
				06C2166D2CBBBCF70093C520 /* Resources */,
			);
			buildRules = (
			);
			dependencies = (
				06C216712CBBBCF70093C520 /* PBXTargetDependency */,
			);
			fileSystemSynchronizedGroups = (
				06C216722CBBBCF70093C520 /* TodoListProgrammaticTests */,
			);
			name = TodoListProgrammaticTests;
			packageProductDependencies = (
			);
			productName = TodoListProgrammaticTests;
			productReference = 06C2166F2CBBBCF70093C520 /* TodoListProgrammaticTests.xctest */;
			productType = "com.apple.product-type.bundle.unit-test";
		};
		06C216782CBBBCF70093C520 /* TodoListProgrammaticUITests */ = {
			isa = PBXNativeTarget;
			buildConfigurationList = 06C2168A2CBBBCF70093C520 /* Build configuration list for PBXNativeTarget "TodoListProgrammaticUITests" */;
			buildPhases = (
				06C216752CBBBCF70093C520 /* Sources */,
				06C216762CBBBCF70093C520 /* Frameworks */,
				06C216772CBBBCF70093C520 /* Resources */,
			);
			buildRules = (
			);
			dependencies = (
				06C2167B2CBBBCF70093C520 /* PBXTargetDependency */,
			);
			fileSystemSynchronizedGroups = (
				06C2167C2CBBBCF70093C520 /* TodoListProgrammaticUITests */,
			);
			name = TodoListProgrammaticUITests;
			packageProductDependencies = (
			);
			productName = TodoListProgrammaticUITests;
			productReference = 06C216792CBBBCF70093C520 /* TodoListProgrammaticUITests.xctest */;
			productType = "com.apple.product-type.bundle.ui-testing";
		};
/* End PBXNativeTarget section */

/* Begin PBXProject section */
		06C216512CBBBCF50093C520 /* Project object */ = {
			isa = PBXProject;
			attributes = {
				BuildIndependentTargetsInParallel = 1;
				LastSwiftUpdateCheck = 1600;
				LastUpgradeCheck = 1600;
				TargetAttributes = {
					06C216582CBBBCF50093C520 = {
						CreatedOnToolsVersion = 16.0;
					};
					06C2166E2CBBBCF70093C520 = {
						CreatedOnToolsVersion = 16.0;
						TestTargetID = 06C216582CBBBCF50093C520;
					};
					06C216782CBBBCF70093C520 = {
						CreatedOnToolsVersion = 16.0;
						TestTargetID = 06C216582CBBBCF50093C520;
					};
				};
			};
			buildConfigurationList = 06C216542CBBBCF50093C520 /* Build configuration list for PBXProject "TodoListProgrammatic" */;
			developmentRegion = en;
			hasScannedForEncodings = 0;
			knownRegions = (
				en,
				Base,
			);
			mainGroup = 06C216502CBBBCF50093C520;
			minimizedProjectReferenceProxies = 1;
			preferredProjectObjectVersion = 77;
			productRefGroup = 06C2165A2CBBBCF50093C520 /* Products */;
			projectDirPath = "";
			projectRoot = "";
			targets = (
				06C216582CBBBCF50093C520 /* TodoListProgrammatic */,
				06C2166E2CBBBCF70093C520 /* TodoListProgrammaticTests */,
				06C216782CBBBCF70093C520 /* TodoListProgrammaticUITests */,
			);
		};
/* End PBXProject section */

/* Begin PBXResourcesBuildPhase section */
		06C216572CBBBCF50093C520 /* Resources */ = {
			isa = PBXResourcesBuildPhase;
			buildActionMask = 2147483647;
			files = (
			);
			runOnlyForDeploymentPostprocessing = 0;
		};
		06C2166D2CBBBCF70093C520 /* Resources */ = {
			isa = PBXResourcesBuildPhase;
			buildActionMask = 2147483647;
			files = (
			);
			runOnlyForDeploymentPostprocessing = 0;
		};
		06C216772CBBBCF70093C520 /* Resources */ = {
			isa = PBXResourcesBuildPhase;
			buildActionMask = 2147483647;
			files = (
			);
			runOnlyForDeploymentPostprocessing = 0;
		};
/* End PBXResourcesBuildPhase section */

/* Begin PBXSourcesBuildPhase section */
		06C216552CBBBCF50093C520 /* Sources */ = {
			isa = PBXSourcesBuildPhase;
			buildActionMask = 2147483647;
			files = (
			);
			runOnlyForDeploymentPostprocessing = 0;
		};
		06C2166B2CBBBCF70093C520 /* Sources */ = {
			isa = PBXSourcesBuildPhase;
			buildActionMask = 2147483647;
			files = (
			);
			runOnlyForDeploymentPostprocessing = 0;
		};
		06C216752CBBBCF70093C520 /* Sources */ = {
			isa = PBXSourcesBuildPhase;
			buildActionMask = 2147483647;
			files = (
			);
			runOnlyForDeploymentPostprocessing = 0;
		};
/* End PBXSourcesBuildPhase section */

/* Begin PBXTargetDependency section */
		06C216712CBBBCF70093C520 /* PBXTargetDependency */ = {
			isa = PBXTargetDependency;
			target = 06C216582CBBBCF50093C520 /* TodoListProgrammatic */;
			targetProxy = 06C216702CBBBCF70093C520 /* PBXContainerItemProxy */;
		};
		06C2167B2CBBBCF70093C520 /* PBXTargetDependency */ = {
			isa = PBXTargetDependency;
			target = 06C216582CBBBCF50093C520 /* TodoListProgrammatic */;
			targetProxy = 06C2167A2CBBBCF70093C520 /* PBXContainerItemProxy */;
		};
/* End PBXTargetDependency section */

/* Begin XCBuildConfiguration section */
		06C216832CBBBCF70093C520 /* Debug */ = {
			isa = XCBuildConfiguration;
			buildSettings = {
				ASSETCATALOG_COMPILER_APPICON_NAME = AppIcon;
				ASSETCATALOG_COMPILER_GLOBAL_ACCENT_COLOR_NAME = AccentColor;
				CODE_SIGN_STYLE = Automatic;
				CURRENT_PROJECT_VERSION = 1;
				GENERATE_INFOPLIST_FILE = YES;
				INFOPLIST_FILE = TodoListProgrammatic/Info.plist;
				INFOPLIST_KEY_UIApplicationSupportsIndirectInputEvents = YES;
				INFOPLIST_KEY_UILaunchStoryboardName = LaunchScreen;
				INFOPLIST_KEY_UISupportedInterfaceOrientations_iPad = "UIInterfaceOrientationPortrait UIInterfaceOrientationPortraitUpsideDown UIInterfaceOrientationLandscapeLeft UIInterfaceOrientationLandscapeRight";
				INFOPLIST_KEY_UISupportedInterfaceOrientations_iPhone = "UIInterfaceOrientationPortrait UIInterfaceOrientationLandscapeLeft UIInterfaceOrientationLandscapeRight";
				LD_RUNPATH_SEARCH_PATHS = (
					"$(inherited)",
					"@executable_path/Frameworks",
				);
				MARKETING_VERSION = 1.0;
				PRODUCT_BUNDLE_IDENTIFIER = difta.com.TodoListProgrammatic;
				PRODUCT_NAME = "$(TARGET_NAME)";
				SWIFT_EMIT_LOC_STRINGS = YES;
				SWIFT_VERSION = 5.0;
				TARGETED_DEVICE_FAMILY = "1,2";
			};
			name = Debug;
		};
		06C216842CBBBCF70093C520 /* Release */ = {
			isa = XCBuildConfiguration;
			buildSettings = {
				ASSETCATALOG_COMPILER_APPICON_NAME = AppIcon;
				ASSETCATALOG_COMPILER_GLOBAL_ACCENT_COLOR_NAME = AccentColor;
				CODE_SIGN_STYLE = Automatic;
				CURRENT_PROJECT_VERSION = 1;
				GENERATE_INFOPLIST_FILE = YES;
				INFOPLIST_FILE = TodoListProgrammatic/Info.plist;
				INFOPLIST_KEY_UIApplicationSupportsIndirectInputEvents = YES;
				INFOPLIST_KEY_UILaunchStoryboardName = LaunchScreen;
				INFOPLIST_KEY_UISupportedInterfaceOrientations_iPad = "UIInterfaceOrientationPortrait UIInterfaceOrientationPortraitUpsideDown UIInterfaceOrientationLandscapeLeft UIInterfaceOrientationLandscapeRight";
				INFOPLIST_KEY_UISupportedInterfaceOrientations_iPhone = "UIInterfaceOrientationPortrait UIInterfaceOrientationLandscapeLeft UIInterfaceOrientationLandscapeRight";
				LD_RUNPATH_SEARCH_PATHS = (
					"$(inherited)",
					"@executable_path/Frameworks",
				);
				MARKETING_VERSION = 1.0;
				PRODUCT_BUNDLE_IDENTIFIER = difta.com.TodoListProgrammatic;
				PRODUCT_NAME = "$(TARGET_NAME)";
				SWIFT_EMIT_LOC_STRINGS = YES;
				SWIFT_VERSION = 5.0;
				TARGETED_DEVICE_FAMILY = "1,2";
			};
			name = Release;
		};
		06C216852CBBBCF70093C520 /* Debug */ = {
			isa = XCBuildConfiguration;
			buildSettings = {
				ALWAYS_SEARCH_USER_PATHS = NO;
				ASSETCATALOG_COMPILER_GENERATE_SWIFT_ASSET_SYMBOL_EXTENSIONS = YES;
				CLANG_ANALYZER_NONNULL = YES;
				CLANG_ANALYZER_NUMBER_OBJECT_CONVERSION = YES_AGGRESSIVE;
				CLANG_CXX_LANGUAGE_STANDARD = "gnu++20";
				CLANG_ENABLE_MODULES = YES;
				CLANG_ENABLE_OBJC_ARC = YES;
				CLANG_ENABLE_OBJC_WEAK = YES;
				CLANG_WARN_BLOCK_CAPTURE_AUTORELEASING = YES;
				CLANG_WARN_BOOL_CONVERSION = YES;
				CLANG_WARN_COMMA = YES;
				CLANG_WARN_CONSTANT_CONVERSION = YES;
				CLANG_WARN_DEPRECATED_OBJC_IMPLEMENTATIONS = YES;
				CLANG_WARN_DIRECT_OBJC_ISA_USAGE = YES_ERROR;
				CLANG_WARN_DOCUMENTATION_COMMENTS = YES;
				CLANG_WARN_EMPTY_BODY = YES;
				CLANG_WARN_ENUM_CONVERSION = YES;
				CLANG_WARN_INFINITE_RECURSION = YES;
				CLANG_WARN_INT_CONVERSION = YES;
				CLANG_WARN_NON_LITERAL_NULL_CONVERSION = YES;
				CLANG_WARN_OBJC_IMPLICIT_RETAIN_SELF = YES;
				CLANG_WARN_OBJC_LITERAL_CONVERSION = YES;
				CLANG_WARN_OBJC_ROOT_CLASS = YES_ERROR;
				CLANG_WARN_QUOTED_INCLUDE_IN_FRAMEWORK_HEADER = YES;
				CLANG_WARN_RANGE_LOOP_ANALYSIS = YES;
				CLANG_WARN_STRICT_PROTOTYPES = YES;
				CLANG_WARN_SUSPICIOUS_MOVE = YES;
				CLANG_WARN_UNGUARDED_AVAILABILITY = YES_AGGRESSIVE;
				CLANG_WARN_UNREACHABLE_CODE = YES;
				CLANG_WARN__DUPLICATE_METHOD_MATCH = YES;
				COPY_PHASE_STRIP = NO;
				DEBUG_INFORMATION_FORMAT = dwarf;
				ENABLE_STRICT_OBJC_MSGSEND = YES;
				ENABLE_TESTABILITY = YES;
				ENABLE_USER_SCRIPT_SANDBOXING = YES;
				GCC_C_LANGUAGE_STANDARD = gnu17;
				GCC_DYNAMIC_NO_PIC = NO;
				GCC_NO_COMMON_BLOCKS = YES;
				GCC_OPTIMIZATION_LEVEL = 0;
				GCC_PREPROCESSOR_DEFINITIONS = (
					"DEBUG=1",
					"$(inherited)",
				);
				GCC_WARN_64_TO_32_BIT_CONVERSION = YES;
				GCC_WARN_ABOUT_RETURN_TYPE = YES_ERROR;
				GCC_WARN_UNDECLARED_SELECTOR = YES;
				GCC_WARN_UNINITIALIZED_AUTOS = YES_AGGRESSIVE;
				GCC_WARN_UNUSED_FUNCTION = YES;
				GCC_WARN_UNUSED_VARIABLE = YES;
				IPHONEOS_DEPLOYMENT_TARGET = 18.0;
				LOCALIZATION_PREFERS_STRING_CATALOGS = YES;
				MTL_ENABLE_DEBUG_INFO = INCLUDE_SOURCE;
				MTL_FAST_MATH = YES;
				ONLY_ACTIVE_ARCH = YES;
				SDKROOT = iphoneos;
				SWIFT_ACTIVE_COMPILATION_CONDITIONS = "DEBUG $(inherited)";
				SWIFT_OPTIMIZATION_LEVEL = "-Onone";
			};
			name = Debug;
		};
		06C216862CBBBCF70093C520 /* Release */ = {
			isa = XCBuildConfiguration;
			buildSettings = {
				ALWAYS_SEARCH_USER_PATHS = NO;
				ASSETCATALOG_COMPILER_GENERATE_SWIFT_ASSET_SYMBOL_EXTENSIONS = YES;
				CLANG_ANALYZER_NONNULL = YES;
				CLANG_ANALYZER_NUMBER_OBJECT_CONVERSION = YES_AGGRESSIVE;
				CLANG_CXX_LANGUAGE_STANDARD = "gnu++20";
				CLANG_ENABLE_MODULES = YES;
				CLANG_ENABLE_OBJC_ARC = YES;
				CLANG_ENABLE_OBJC_WEAK = YES;
				CLANG_WARN_BLOCK_CAPTURE_AUTORELEASING = YES;
				CLANG_WARN_BOOL_CONVERSION = YES;
				CLANG_WARN_COMMA = YES;
				CLANG_WARN_CONSTANT_CONVERSION = YES;
				CLANG_WARN_DEPRECATED_OBJC_IMPLEMENTATIONS = YES;
				CLANG_WARN_DIRECT_OBJC_ISA_USAGE = YES_ERROR;
				CLANG_WARN_DOCUMENTATION_COMMENTS = YES;
				CLANG_WARN_EMPTY_BODY = YES;
				CLANG_WARN_ENUM_CONVERSION = YES;
				CLANG_WARN_INFINITE_RECURSION = YES;
				CLANG_WARN_INT_CONVERSION = YES;
				CLANG_WARN_NON_LITERAL_NULL_CONVERSION = YES;
				CLANG_WARN_OBJC_IMPLICIT_RETAIN_SELF = YES;
				CLANG_WARN_OBJC_LITERAL_CONVERSION = YES;
				CLANG_WARN_OBJC_ROOT_CLASS = YES_ERROR;
				CLANG_WARN_QUOTED_INCLUDE_IN_FRAMEWORK_HEADER = YES;
				CLANG_WARN_RANGE_LOOP_ANALYSIS = YES;
				CLANG_WARN_STRICT_PROTOTYPES = YES;
				CLANG_WARN_SUSPICIOUS_MOVE = YES;
				CLANG_WARN_UNGUARDED_AVAILABILITY = YES_AGGRESSIVE;
				CLANG_WARN_UNREACHABLE_CODE = YES;
				CLANG_WARN__DUPLICATE_METHOD_MATCH = YES;
				COPY_PHASE_STRIP = NO;
				DEBUG_INFORMATION_FORMAT = "dwarf-with-dsym";
				ENABLE_NS_ASSERTIONS = NO;
				ENABLE_STRICT_OBJC_MSGSEND = YES;
				ENABLE_USER_SCRIPT_SANDBOXING = YES;
				GCC_C_LANGUAGE_STANDARD = gnu17;
				GCC_NO_COMMON_BLOCKS = YES;
				GCC_WARN_64_TO_32_BIT_CONVERSION = YES;
				GCC_WARN_ABOUT_RETURN_TYPE = YES_ERROR;
				GCC_WARN_UNDECLARED_SELECTOR = YES;
				GCC_WARN_UNINITIALIZED_AUTOS = YES_AGGRESSIVE;
				GCC_WARN_UNUSED_FUNCTION = YES;
				GCC_WARN_UNUSED_VARIABLE = YES;
				IPHONEOS_DEPLOYMENT_TARGET = 18.0;
				LOCALIZATION_PREFERS_STRING_CATALOGS = YES;
				MTL_ENABLE_DEBUG_INFO = NO;
				MTL_FAST_MATH = YES;
				SDKROOT = iphoneos;
				SWIFT_COMPILATION_MODE = wholemodule;
				VALIDATE_PRODUCT = YES;
			};
			name = Release;
		};
		06C216882CBBBCF70093C520 /* Debug */ = {
			isa = XCBuildConfiguration;
			buildSettings = {
				BUNDLE_LOADER = "$(TEST_HOST)";
				CODE_SIGN_STYLE = Automatic;
				CURRENT_PROJECT_VERSION = 1;
				GENERATE_INFOPLIST_FILE = YES;
				IPHONEOS_DEPLOYMENT_TARGET = 18.0;
				MARKETING_VERSION = 1.0;
				PRODUCT_BUNDLE_IDENTIFIER = difta.com.TodoListProgrammaticTests;
				PRODUCT_NAME = "$(TARGET_NAME)";
				SWIFT_EMIT_LOC_STRINGS = NO;
				SWIFT_VERSION = 5.0;
				TARGETED_DEVICE_FAMILY = "1,2";
				TEST_HOST = "$(BUILT_PRODUCTS_DIR)/TodoListProgrammatic.app/$(BUNDLE_EXECUTABLE_FOLDER_PATH)/TodoListProgrammatic";
			};
			name = Debug;
		};
		06C216892CBBBCF70093C520 /* Release */ = {
			isa = XCBuildConfiguration;
			buildSettings = {
				BUNDLE_LOADER = "$(TEST_HOST)";
				CODE_SIGN_STYLE = Automatic;
				CURRENT_PROJECT_VERSION = 1;
				GENERATE_INFOPLIST_FILE = YES;
				IPHONEOS_DEPLOYMENT_TARGET = 18.0;
				MARKETING_VERSION = 1.0;
				PRODUCT_BUNDLE_IDENTIFIER = difta.com.TodoListProgrammaticTests;
				PRODUCT_NAME = "$(TARGET_NAME)";
				SWIFT_EMIT_LOC_STRINGS = NO;
				SWIFT_VERSION = 5.0;
				TARGETED_DEVICE_FAMILY = "1,2";
				TEST_HOST = "$(BUILT_PRODUCTS_DIR)/TodoListProgrammatic.app/$(BUNDLE_EXECUTABLE_FOLDER_PATH)/TodoListProgrammatic";
			};
			name = Release;
		};
		06C2168B2CBBBCF70093C520 /* Debug */ = {
			isa = XCBuildConfiguration;
			buildSettings = {
				CODE_SIGN_STYLE = Automatic;
				CURRENT_PROJECT_VERSION = 1;
				GENERATE_INFOPLIST_FILE = YES;
				MARKETING_VERSION = 1.0;
				PRODUCT_BUNDLE_IDENTIFIER = difta.com.TodoListProgrammaticUITests;
				PRODUCT_NAME = "$(TARGET_NAME)";
				SWIFT_EMIT_LOC_STRINGS = NO;
				SWIFT_VERSION = 5.0;
				TARGETED_DEVICE_FAMILY = "1,2";
				TEST_TARGET_NAME = TodoListProgrammatic;
			};
			name = Debug;
		};
		06C2168C2CBBBCF70093C520 /* Release */ = {
			isa = XCBuildConfiguration;
			buildSettings = {
				CODE_SIGN_STYLE = Automatic;
				CURRENT_PROJECT_VERSION = 1;
				GENERATE_INFOPLIST_FILE = YES;
				MARKETING_VERSION = 1.0;
				PRODUCT_BUNDLE_IDENTIFIER = difta.com.TodoListProgrammaticUITests;
				PRODUCT_NAME = "$(TARGET_NAME)";
				SWIFT_EMIT_LOC_STRINGS = NO;
				SWIFT_VERSION = 5.0;
				TARGETED_DEVICE_FAMILY = "1,2";
				TEST_TARGET_NAME = TodoListProgrammatic;
			};
			name = Release;
		};
/* End XCBuildConfiguration section */

/* Begin XCConfigurationList section */
		06C216542CBBBCF50093C520 /* Build configuration list for PBXProject "TodoListProgrammatic" */ = {
			isa = XCConfigurationList;
			buildConfigurations = (
				06C216852CBBBCF70093C520 /* Debug */,
				06C216862CBBBCF70093C520 /* Release */,
			);
			defaultConfigurationIsVisible = 0;
			defaultConfigurationName = Release;
		};
		06C216822CBBBCF70093C520 /* Build configuration list for PBXNativeTarget "TodoListProgrammatic" */ = {
			isa = XCConfigurationList;
			buildConfigurations = (
				06C216832CBBBCF70093C520 /* Debug */,
				06C216842CBBBCF70093C520 /* Release */,
			);
			defaultConfigurationIsVisible = 0;
			defaultConfigurationName = Release;
		};
		06C216872CBBBCF70093C520 /* Build configuration list for PBXNativeTarget "TodoListProgrammaticTests" */ = {
			isa = XCConfigurationList;
			buildConfigurations = (
				06C216882CBBBCF70093C520 /* Debug */,
				06C216892CBBBCF70093C520 /* Release */,
			);
			defaultConfigurationIsVisible = 0;
			defaultConfigurationName = Release;
		};
		06C2168A2CBBBCF70093C520 /* Build configuration list for PBXNativeTarget "TodoListProgrammaticUITests" */ = {
			isa = XCConfigurationList;
			buildConfigurations = (
				06C2168B2CBBBCF70093C520 /* Debug */,
				06C2168C2CBBBCF70093C520 /* Release */,
			);
			defaultConfigurationIsVisible = 0;
			defaultConfigurationName = Release;
		};
/* End XCConfigurationList section */
	};
	rootObject = 06C216512CBBBCF50093C520 /* Project object */;
}
